
Microsoft Visual Studio Solution File, Format Version 12.00
# Visual Studio Version 16
VisualStudioVersion = 16.0.31424.327
MinimumVisualStudioVersion = 10.0.40219.1
Project("{9A19103F-16F7-4668-BE54-9A1E7A4F7556}") = "PatientChecking", "PatientChecking\PatientChecking.csproj", "{7190067F-1A79-413C-A03D-F258F70764D6}"
EndProject
Project("{FAE04EC0-301F-11D3-BF4B-00C04F79EFBC}") = "PatientCheckIn.DataAccess", "PatientCheckIn.DataAccess\PatientCheckIn.DataAccess.csproj", "{E20455DB-D74E-47ED-81DF-9797B9F6AE6A}"
EndProject
Global
	GlobalSection(SolutionConfigurationPlatforms) = preSolution
		Debug|Any CPU = Debug|Any CPU
		Release|Any CPU = Release|Any CPU
	EndGlobalSection
	GlobalSection(ProjectConfigurationPlatforms) = postSolution
		{7190067F-1A79-413C-A03D-F258F70764D6}.Debug|Any CPU.ActiveCfg = Debug|Any CPU
		{7190067F-1A79-413C-A03D-F258F70764D6}.Debug|Any CPU.Build.0 = Debug|Any CPU
		{7190067F-1A79-413C-A03D-F258F70764D6}.Release|Any CPU.ActiveCfg = Release|Any CPU
		{7190067F-1A79-413C-A03D-F258F70764D6}.Release|Any CPU.Build.0 = Release|Any CPU
		{E20455DB-D74E-47ED-81DF-9797B9F6AE6A}.Debug|Any CPU.ActiveCfg = Debug|Any CPU
		{E20455DB-D74E-47ED-81DF-9797B9F6AE6A}.Debug|Any CPU.Build.0 = Debug|Any CPU
		{E20455DB-D74E-47ED-81DF-9797B9F6AE6A}.Release|Any CPU.ActiveCfg = Release|Any CPU
		{E20455DB-D74E-47ED-81DF-9797B9F6AE6A}.Release|Any CPU.Build.0 = Release|Any CPU
	EndGlobalSection
	GlobalSection(SolutionProperties) = preSolution
		HideSolutionNode = FALSE
	EndGlobalSection
	GlobalSection(ExtensibilityGlobals) = postSolution
		SolutionGuid = {43044A96-17B4-48EE-9132-DB86327CE332}
	EndGlobalSection
EndGlobal
